
Microsoft Visual Studio Solution File, Format Version 12.00
# Visual Studio Version 17
VisualStudioVersion = 17.4.33110.190
MinimumVisualStudioVersion = 10.0.40219.1
Project("{9A19103F-16F7-4668-BE54-9A1E7A4F7556}") = "ConsoleApp", "ConsoleApp\ConsoleApp.csproj", "{5DBE3958-6B8B-45C0-84E4-1478F7F39EBC}"
EndProject
Project("{FAE04EC0-301F-11D3-BF4B-00C04F79EFBC}") = "ConsoleApp2", "ConsoleApp2\ConsoleApp2.csproj", "{A311EE93-C031-40E8-8D7B-750251DCBE1C}"
EndProject
Global
	GlobalSection(SolutionConfigurationPlatforms) = preSolution
		Debug|Any CPU = Debug|Any CPU
		Release|Any CPU = Release|Any CPU
	EndGlobalSection
	GlobalSection(ProjectConfigurationPlatforms) = postSolution
		{5DBE3958-6B8B-45C0-84E4-1478F7F39EBC}.Debug|Any CPU.ActiveCfg = Debug|Any CPU
		{5DBE3958-6B8B-45C0-84E4-1478F7F39EBC}.Debug|Any CPU.Build.0 = Debug|Any CPU
		{5DBE3958-6B8B-45C0-84E4-1478F7F39EBC}.Release|Any CPU.ActiveCfg = Release|Any CPU
		{5DBE3958-6B8B-45C0-84E4-1478F7F39EBC}.Release|Any CPU.Build.0 = Release|Any CPU
		{A311EE93-C031-40E8-8D7B-750251DCBE1C}.Debug|Any CPU.ActiveCfg = Debug|Any CPU
		{A311EE93-C031-40E8-8D7B-750251DCBE1C}.Debug|Any CPU.Build.0 = Debug|Any CPU
		{A311EE93-C031-40E8-8D7B-750251DCBE1C}.Release|Any CPU.ActiveCfg = Release|Any CPU
		{A311EE93-C031-40E8-8D7B-750251DCBE1C}.Release|Any CPU.Build.0 = Release|Any CPU
	EndGlobalSection
	GlobalSection(SolutionProperties) = preSolution
		HideSolutionNode = FALSE
	EndGlobalSection
	GlobalSection(ExtensibilityGlobals) = postSolution
		SolutionGuid = {E58230D9-785D-49FC-B67B-689F2BD8DF4B}
	EndGlobalSection
EndGlobal
